PODS:
  - AHAutoLayout-Swift (1.0.0)
  - AHCategories (1.0.1)

DEPENDENCIES:
  - AHAutoLayout-Swift (~> 1.0.0)
  - AHCategories (~> 1.0.1)

SPEC CHECKSUMS:
  AHAutoLayout-Swift: 467af3a9aac77e61d8b7e0b07d1fd50d082a32db
  AHCategories: 1f3e1c580854441eaba45819927932735888ca19

PODFILE CHECKSUM: e8acd30971bb435eaf26ee830cc6f6353da8efc3

COCOAPODS: 1.1.1
